
Microsoft Visual Studio Solution File, Format Version 12.00
# Visual Studio Version 17
VisualStudioVersion = 17.0.31903.59
MinimumVisualStudioVersion = 10.0.40219.1
Project("{FAE04EC0-301F-11D3-BF4B-00C04F79EFBC}") = "UserApi", "UserApi\UserApi.csproj", "{28CBD6DC-5CC0-4EAB-ACFD-8F89DC75A21A}"
EndProject
Project("{FAE04EC0-301F-11D3-BF4B-00C04F79EFBC}") = "ChatApi", "ChatApi\ChatApi.csproj", "{88CAA90F-0EB7-4BAF-AFF8-FC37FC6ACDE7}"
EndProject
Project("{FAE04EC0-301F-11D3-BF4B-00C04F79EFBC}") = "LoginApi", "LoginApi\LoginApi.csproj", "{DD96D9A7-C255-49AF-A9C3-006462608C80}"
EndProject
Project("{FAE04EC0-301F-11D3-BF4B-00C04F79EFBC}") = "MedicalApi", "MedicalApi\MedicalApi.csproj", "{FA9C09EE-6B00-4268-8A2C-4B9092625713}"
EndProject
Project("{FAE04EC0-301F-11D3-BF4B-00C04F79EFBC}") = "ResearchApi", "ResearchApi\ResearchApi.csproj", "{23E879C4-3ACA-4FE6-9837-0BDCA8DAAF27}"
EndProject
Project("{FAE04EC0-301F-11D3-BF4B-00C04F79EFBC}") = "Test.ResearchApi", "Test.ResearchApi\Test.ResearchApi.csproj", "{722E60B9-E30F-4200-B294-989C0D4ACE85}"
EndProject
Project("{FAE04EC0-301F-11D3-BF4B-00C04F79EFBC}") = "Test.UserApi", "Test.UserApi\Test.UserApi.csproj", "{5DEBA9A6-ADAC-459B-83BA-1750DA2DE912}"
EndProject
Project("{FAE04EC0-301F-11D3-BF4B-00C04F79EFBC}") = "Test.MedicalApi", "Test.MedicalApi\Test.MedicalApi.csproj", "{767B23EE-5106-4843-B13F-376226B62823}"
EndProject
Project("{FAE04EC0-301F-11D3-BF4B-00C04F79EFBC}") = "Test.LoginApi", "Test.LoginApi\Test.LoginApi.csproj", "{05340BEF-B571-44B1-88DE-265DE9D0474A}"
EndProject
Project("{FAE04EC0-301F-11D3-BF4B-00C04F79EFBC}") = "Test.ChatApi", "Test.ChatApi\Test.ChatApi.csproj", "{9EBA60DC-8FDE-460C-B4F1-FF1E2DEE641D}"
EndProject
Global
	GlobalSection(SolutionConfigurationPlatforms) = preSolution
		Debug|Any CPU = Debug|Any CPU
		Release|Any CPU = Release|Any CPU
	EndGlobalSection
	GlobalSection(SolutionProperties) = preSolution
		HideSolutionNode = FALSE
	EndGlobalSection
	GlobalSection(ProjectConfigurationPlatforms) = postSolution
		{28CBD6DC-5CC0-4EAB-ACFD-8F89DC75A21A}.Debug|Any CPU.ActiveCfg = Debug|Any CPU
		{28CBD6DC-5CC0-4EAB-ACFD-8F89DC75A21A}.Debug|Any CPU.Build.0 = Debug|Any CPU
		{28CBD6DC-5CC0-4EAB-ACFD-8F89DC75A21A}.Release|Any CPU.ActiveCfg = Release|Any CPU
		{28CBD6DC-5CC0-4EAB-ACFD-8F89DC75A21A}.Release|Any CPU.Build.0 = Release|Any CPU
		{B714FC68-6228-426F-B717-46601A4B0DFF}.Debug|Any CPU.ActiveCfg = Debug|Any CPU
		{B714FC68-6228-426F-B717-46601A4B0DFF}.Debug|Any CPU.Build.0 = Debug|Any CPU
		{B714FC68-6228-426F-B717-46601A4B0DFF}.Release|Any CPU.ActiveCfg = Release|Any CPU
		{B714FC68-6228-426F-B717-46601A4B0DFF}.Release|Any CPU.Build.0 = Release|Any CPU
		{88CAA90F-0EB7-4BAF-AFF8-FC37FC6ACDE7}.Debug|Any CPU.ActiveCfg = Debug|Any CPU
		{88CAA90F-0EB7-4BAF-AFF8-FC37FC6ACDE7}.Debug|Any CPU.Build.0 = Debug|Any CPU
		{88CAA90F-0EB7-4BAF-AFF8-FC37FC6ACDE7}.Release|Any CPU.ActiveCfg = Release|Any CPU
		{88CAA90F-0EB7-4BAF-AFF8-FC37FC6ACDE7}.Release|Any CPU.Build.0 = Release|Any CPU
		{DD96D9A7-C255-49AF-A9C3-006462608C80}.Debug|Any CPU.ActiveCfg = Debug|Any CPU
		{DD96D9A7-C255-49AF-A9C3-006462608C80}.Debug|Any CPU.Build.0 = Debug|Any CPU
		{DD96D9A7-C255-49AF-A9C3-006462608C80}.Release|Any CPU.ActiveCfg = Release|Any CPU
		{DD96D9A7-C255-49AF-A9C3-006462608C80}.Release|Any CPU.Build.0 = Release|Any CPU
		{FA9C09EE-6B00-4268-8A2C-4B9092625713}.Debug|Any CPU.ActiveCfg = Debug|Any CPU
		{FA9C09EE-6B00-4268-8A2C-4B9092625713}.Debug|Any CPU.Build.0 = Debug|Any CPU
		{FA9C09EE-6B00-4268-8A2C-4B9092625713}.Release|Any CPU.ActiveCfg = Release|Any CPU
		{FA9C09EE-6B00-4268-8A2C-4B9092625713}.Release|Any CPU.Build.0 = Release|Any CPU
		{23E879C4-3ACA-4FE6-9837-0BDCA8DAAF27}.Debug|Any CPU.ActiveCfg = Debug|Any CPU
		{23E879C4-3ACA-4FE6-9837-0BDCA8DAAF27}.Debug|Any CPU.Build.0 = Debug|Any CPU
		{23E879C4-3ACA-4FE6-9837-0BDCA8DAAF27}.Release|Any CPU.ActiveCfg = Release|Any CPU
		{23E879C4-3ACA-4FE6-9837-0BDCA8DAAF27}.Release|Any CPU.Build.0 = Release|Any CPU
		{722E60B9-E30F-4200-B294-989C0D4ACE85}.Debug|Any CPU.ActiveCfg = Debug|Any CPU
		{722E60B9-E30F-4200-B294-989C0D4ACE85}.Debug|Any CPU.Build.0 = Debug|Any CPU
		{722E60B9-E30F-4200-B294-989C0D4ACE85}.Release|Any CPU.ActiveCfg = Release|Any CPU
		{722E60B9-E30F-4200-B294-989C0D4ACE85}.Release|Any CPU.Build.0 = Release|Any CPU
		{5DEBA9A6-ADAC-459B-83BA-1750DA2DE912}.Debug|Any CPU.ActiveCfg = Debug|Any CPU
		{5DEBA9A6-ADAC-459B-83BA-1750DA2DE912}.Debug|Any CPU.Build.0 = Debug|Any CPU
		{5DEBA9A6-ADAC-459B-83BA-1750DA2DE912}.Release|Any CPU.ActiveCfg = Release|Any CPU
		{5DEBA9A6-ADAC-459B-83BA-1750DA2DE912}.Release|Any CPU.Build.0 = Release|Any CPU
		{767B23EE-5106-4843-B13F-376226B62823}.Debug|Any CPU.ActiveCfg = Debug|Any CPU
		{767B23EE-5106-4843-B13F-376226B62823}.Debug|Any CPU.Build.0 = Debug|Any CPU
		{767B23EE-5106-4843-B13F-376226B62823}.Release|Any CPU.ActiveCfg = Release|Any CPU
		{767B23EE-5106-4843-B13F-376226B62823}.Release|Any CPU.Build.0 = Release|Any CPU
		{05340BEF-B571-44B1-88DE-265DE9D0474A}.Debug|Any CPU.ActiveCfg = Debug|Any CPU
		{05340BEF-B571-44B1-88DE-265DE9D0474A}.Debug|Any CPU.Build.0 = Debug|Any CPU
		{05340BEF-B571-44B1-88DE-265DE9D0474A}.Release|Any CPU.ActiveCfg = Release|Any CPU
		{05340BEF-B571-44B1-88DE-265DE9D0474A}.Release|Any CPU.Build.0 = Release|Any CPU
		{9EBA60DC-8FDE-460C-B4F1-FF1E2DEE641D}.Debug|Any CPU.ActiveCfg = Debug|Any CPU
		{9EBA60DC-8FDE-460C-B4F1-FF1E2DEE641D}.Debug|Any CPU.Build.0 = Debug|Any CPU
		{9EBA60DC-8FDE-460C-B4F1-FF1E2DEE641D}.Release|Any CPU.ActiveCfg = Release|Any CPU
		{9EBA60DC-8FDE-460C-B4F1-FF1E2DEE641D}.Release|Any CPU.Build.0 = Release|Any CPU
	EndGlobalSection
EndGlobal
